dependencies:
  espressif/cmake_utilities:
    component_hash: 351350613ceafba240b761b4ea991e0f231ac7a9f59a9ee901f751bddc0bb18f
    dependencies:
    - name: idf
      require: private
      version: '>=4.1'
    source:
      registry_url: https://components.espressif.com
      type: service
    version: 0.5.3
  espressif/esp_jpeg:
    component_hash: ca1494551d0436b0dbba379c578da2c0d1b8d8756240e5e99f172744dad8e842
    dependencies:
    - name: idf
      require: private
      version: '>=5.0'
    source:
      registry_url: https://components.espressif.com/
      type: service
    version: 1.2.0
  espressif/usb_stream:
    component_hash: 946d4e39719a4e8a7b68a6291687ff58e8732b94dd014c5b44f911989886e735
    dependencies:
    - name: espressif/cmake_utilities
      registry_url: https://components.espressif.com
      require: private
      version: 0.5.*
    - name: idf
      require: private
      version: '>=4.4.1'
    source:
      registry_url: https://components.espressif.com/
      type: service
    targets:
    - esp32s2
    - esp32s3
    version: 1.5.0
  idf:
    source:
      type: idf
    version: 5.5.0
  lijunru-hub/esp-ppbuffer:
    component_hash: d27fa07485f06b8589a0218502f174cedbffc18ef082d4a1f811c8ad0eb22f41
    dependencies:
    - name: idf
      require: private
      version: '>=4.4.0'
    - name: espressif/cmake_utilities
      registry_url: https://components.espressif.com
      require: private
      version: 0.*
    source:
      registry_url: https://components.espressif.com/
      type: service
    version: 0.1.0
direct_dependencies:
- espressif/esp_jpeg
- espressif/usb_stream
- idf
- lijunru-hub/esp-ppbuffer
manifest_hash: 5d3a4d84d56436cb4d2e50fbb8eee5d885f46de6f09068a9bd85221be28424bf
target: esp32s3
version: 2.0.0
